
Microsoft Visual Studio Solution File, Format Version 12.00
# Visual Studio Version 16
VisualStudioVersion = 16.0.29123.88
MinimumVisualStudioVersion = 10.0.40219.1
Project("{FAE04EC0-301F-11D3-BF4B-00C04F79EFBC}") = "Island", "Island.csproj", "{9989C53B-136F-4A46-A53F-825B70B0A76D}"
EndProject
Global
	GlobalSection(SolutionConfigurationPlatforms) = preSolution
		Debug|Any CPU = Debug|Any CPU
		Release|Any CPU = Release|Any CPU
	EndGlobalSection
	GlobalSection(ProjectConfigurationPlatforms) = postSolution
		{9989C53B-136F-4A46-A53F-825B70B0A76D}.Debug|Any CPU.ActiveCfg = Debug|Any CPU
		{9989C53B-136F-4A46-A53F-825B70B0A76D}.Debug|Any CPU.Build.0 = Debug|Any CPU
		{9989C53B-136F-4A46-A53F-825B70B0A76D}.Release|Any CPU.ActiveCfg = Release|Any CPU
		{9989C53B-136F-4A46-A53F-825B70B0A76D}.Release|Any CPU.Build.0 = Release|Any CPU
	EndGlobalSection
	GlobalSection(SolutionProperties) = preSolution
		HideSolutionNode = FALSE
	EndGlobalSection
	GlobalSection(ExtensibilityGlobals) = postSolution
		SolutionGuid = {06CF96D7-0C70-4353-BA37-DD7E39243912}
	EndGlobalSection
EndGlobal
